
Microsoft Visual Studio Solution File, Format Version 12.00
# Visual Studio 2013
VisualStudioVersion = 12.0.40629.0
MinimumVisualStudioVersion = 10.0.40219.1
Project("{FAE04EC0-301F-11D3-BF4B-00C04F79EFBC}") = "SemicolonSystem.Show", "SemicolonSystem.Show\SemicolonSystem.Show.csproj", "{5DFCDC9C-3E0B-401E-B6D6-8261F9F7A7FC}"
EndProject
Project("{FAE04EC0-301F-11D3-BF4B-00C04F79EFBC}") = "SemicolonSystem.Business", "SemicolonSystem.Business\SemicolonSystem.Business.csproj", "{30A46F29-33AE-4CE1-A8BF-03CDD605A4B0}"
EndProject
Project("{FAE04EC0-301F-11D3-BF4B-00C04F79EFBC}") = "SemicolonSystem.Model", "SemicolonSystem.Model\SemicolonSystem.Model.csproj", "{485B4024-D3CE-4ED4-94A5-389E072553A1}"
EndProject
Project("{FAE04EC0-301F-11D3-BF4B-00C04F79EFBC}") = "SemicolonSystem.Common", "SemicolonSystem.Common\SemicolonSystem.Common.csproj", "{58F6068E-BF71-4380-AF24-26B7C2C9EC27}"
EndProject
Global
	GlobalSection(SolutionConfigurationPlatforms) = preSolution
		Debug|Any CPU = Debug|Any CPU
		Release|Any CPU = Release|Any CPU
	EndGlobalSection
	GlobalSection(ProjectConfigurationPlatforms) = postSolution
		{5DFCDC9C-3E0B-401E-B6D6-8261F9F7A7FC}.Debug|Any CPU.ActiveCfg = Debug|Any CPU
		{5DFCDC9C-3E0B-401E-B6D6-8261F9F7A7FC}.Debug|Any CPU.Build.0 = Debug|Any CPU
		{5DFCDC9C-3E0B-401E-B6D6-8261F9F7A7FC}.Release|Any CPU.ActiveCfg = Release|Any CPU
		{5DFCDC9C-3E0B-401E-B6D6-8261F9F7A7FC}.Release|Any CPU.Build.0 = Release|Any CPU
		{30A46F29-33AE-4CE1-A8BF-03CDD605A4B0}.Debug|Any CPU.ActiveCfg = Debug|Any CPU
		{30A46F29-33AE-4CE1-A8BF-03CDD605A4B0}.Debug|Any CPU.Build.0 = Debug|Any CPU
		{30A46F29-33AE-4CE1-A8BF-03CDD605A4B0}.Release|Any CPU.ActiveCfg = Release|Any CPU
		{30A46F29-33AE-4CE1-A8BF-03CDD605A4B0}.Release|Any CPU.Build.0 = Release|Any CPU
		{485B4024-D3CE-4ED4-94A5-389E072553A1}.Debug|Any CPU.ActiveCfg = Debug|Any CPU
		{485B4024-D3CE-4ED4-94A5-389E072553A1}.Debug|Any CPU.Build.0 = Debug|Any CPU
		{485B4024-D3CE-4ED4-94A5-389E072553A1}.Release|Any CPU.ActiveCfg = Release|Any CPU
		{485B4024-D3CE-4ED4-94A5-389E072553A1}.Release|Any CPU.Build.0 = Release|Any CPU
		{58F6068E-BF71-4380-AF24-26B7C2C9EC27}.Debug|Any CPU.ActiveCfg = Debug|Any CPU
		{58F6068E-BF71-4380-AF24-26B7C2C9EC27}.Debug|Any CPU.Build.0 = Debug|Any CPU
		{58F6068E-BF71-4380-AF24-26B7C2C9EC27}.Release|Any CPU.ActiveCfg = Release|Any CPU
		{58F6068E-BF71-4380-AF24-26B7C2C9EC27}.Release|Any CPU.Build.0 = Release|Any CPU
	EndGlobalSection
	GlobalSection(SolutionProperties) = preSolution
		HideSolutionNode = FALSE
	EndGlobalSection
EndGlobal
